
Microsoft Visual Studio Solution File, Format Version 12.00
# Visual Studio Version 17
VisualStudioVersion = 17.6.33815.320
MinimumVisualStudioVersion = 10.0.40219.1
Project("{FAE04EC0-301F-11D3-BF4B-00C04F79EFBC}") = "ass11ph2", "ass11ph2\ass11ph2.csproj", "{46249BFA-445D-4DF9-8C65-14009AC3645D}"
EndProject
Global
	GlobalSection(SolutionConfigurationPlatforms) = preSolution
		Debug|Any CPU = Debug|Any CPU
		Release|Any CPU = Release|Any CPU
	EndGlobalSection
	GlobalSection(ProjectConfigurationPlatforms) = postSolution
		{46249BFA-445D-4DF9-8C65-14009AC3645D}.Debug|Any CPU.ActiveCfg = Debug|Any CPU
		{46249BFA-445D-4DF9-8C65-14009AC3645D}.Debug|Any CPU.Build.0 = Debug|Any CPU
		{46249BFA-445D-4DF9-8C65-14009AC3645D}.Release|Any CPU.ActiveCfg = Release|Any CPU
		{46249BFA-445D-4DF9-8C65-14009AC3645D}.Release|Any CPU.Build.0 = Release|Any CPU
	EndGlobalSection
	GlobalSection(SolutionProperties) = preSolution
		HideSolutionNode = FALSE
	EndGlobalSection
	GlobalSection(ExtensibilityGlobals) = postSolution
		SolutionGuid = {78C02FFB-56CE-4897-8C64-A4442E8E13F1}
	EndGlobalSection
EndGlobal
